PODS:
  - fishhook (0.2)
  - SDAutoLayout (2.2.1)
  - SDMagicHook (1.2.4):
    - fishhook
    - SDMagicHook/SDMagicHookMRCTool (= 1.2.4)
    - SDMagicHook/SDMagicHookUtils (= 1.2.4)
  - SDMagicHook/SDMagicHookMRCTool (1.2.4):
    - fishhook
    - SDMagicHook/SDMagicHookUtils
  - SDMagicHook/SDMagicHookUtils (1.2.4):
    - fishhook

DEPENDENCIES:
  - SDAutoLayout
  - SDMagicHook (from `.`)

SPEC REPOS:
  trunk:
    - fishhook
    - SDAutoLayout

EXTERNAL SOURCES:
  SDMagicHook:
    :path: "."

SPEC CHECKSUMS:
  fishhook: ea19933abfe8f2f52c55fd8b6e2718467d3ebc89
  SDAutoLayout: 8bf6b3bbc8b01f775d4defbb4fda2ace805461be
  SDMagicHook: 02780b027a1f6275b4a587e31d784f754564b607

PODFILE CHECKSUM: 4964282fefe8ef2484903b28677aea50ecdca294

COCOAPODS: 1.9.3
